
Microsoft Visual Studio Solution File, Format Version 12.00
# Visual Studio Version 17
VisualStudioVersion = 17.7.34031.279
MinimumVisualStudioVersion = 10.0.40219.1
Project("{2150E333-8FDC-42A3-9474-1A3956D46DE8}") = "proto", "proto", "{E54772F4-B37A-4A3D-B39F-99F82047D53F}"
	ProjectSection(SolutionItems) = preProject
		dummey.proto = dummey.proto
	EndProjectSection
EndProject
Project("{FAE04EC0-301F-11D3-BF4B-00C04F79EFBC}") = "client", "client\client.csproj", "{FAF5C5B1-9555-4B27-9D9B-1827B001F71B}"
EndProject
Project("{FAE04EC0-301F-11D3-BF4B-00C04F79EFBC}") = "server", "server\server.csproj", "{2B1BA41E-D37C-4B73-A3AE-B76422030441}"
EndProject
Global
	GlobalSection(SolutionConfigurationPlatforms) = preSolution
		Debug|Any CPU = Debug|Any CPU
		Release|Any CPU = Release|Any CPU
	EndGlobalSection
	GlobalSection(ProjectConfigurationPlatforms) = postSolution
		{FAF5C5B1-9555-4B27-9D9B-1827B001F71B}.Debug|Any CPU.ActiveCfg = Debug|Any CPU
		{FAF5C5B1-9555-4B27-9D9B-1827B001F71B}.Debug|Any CPU.Build.0 = Debug|Any CPU
		{FAF5C5B1-9555-4B27-9D9B-1827B001F71B}.Release|Any CPU.ActiveCfg = Release|Any CPU
		{FAF5C5B1-9555-4B27-9D9B-1827B001F71B}.Release|Any CPU.Build.0 = Release|Any CPU
		{2B1BA41E-D37C-4B73-A3AE-B76422030441}.Debug|Any CPU.ActiveCfg = Debug|Any CPU
		{2B1BA41E-D37C-4B73-A3AE-B76422030441}.Debug|Any CPU.Build.0 = Debug|Any CPU
		{2B1BA41E-D37C-4B73-A3AE-B76422030441}.Release|Any CPU.ActiveCfg = Release|Any CPU
		{2B1BA41E-D37C-4B73-A3AE-B76422030441}.Release|Any CPU.Build.0 = Release|Any CPU
	EndGlobalSection
	GlobalSection(SolutionProperties) = preSolution
		HideSolutionNode = FALSE
	EndGlobalSection
	GlobalSection(ExtensibilityGlobals) = postSolution
		SolutionGuid = {96617C37-7F6A-4EDA-8AF4-79E4319F0F8D}
	EndGlobalSection
EndGlobal
